
Microsoft Visual Studio Solution File, Format Version 12.00
# Visual Studio 2013
VisualStudioVersion = 12.0.31101.0
MinimumVisualStudioVersion = 10.0.40219.1
Project("{8BC9CEB8-8B4A-11D0-8D11-00A0C91BC942}") = "lesson1", "lesson1\lesson1.vcxproj", "{82EABB10-C81E-4F60-94F4-1CAADD360388}"
EndProject
Project("{8BC9CEB8-8B4A-11D0-8D11-00A0C91BC942}") = "lesson2", "lesson2\lesson2.vcxproj", "{15EAA538-C389-40AC-B462-607484EC22B3}"
EndProject
Project("{8BC9CEB8-8B4A-11D0-8D11-00A0C91BC942}") = "lesson3", "lesson3\lesson3.vcxproj", "{305A218C-EACE-4C92-8C8A-0438141560C1}"
EndProject
Project("{8BC9CEB8-8B4A-11D0-8D11-00A0C91BC942}") = "lesson4", "lesson4\lesson4.vcxproj", "{0D76F932-7FDC-4184-9FEE-1FB2EB52CCD4}"
EndProject
Project("{8BC9CEB8-8B4A-11D0-8D11-00A0C91BC942}") = "lesson5", "lesson5\lesson5.vcxproj", "{F54F4D11-0764-4E49-92E6-628266AF0132}"
EndProject
Global
	GlobalSection(SolutionConfigurationPlatforms) = preSolution
		Debug|Win32 = Debug|Win32
		Release|Win32 = Release|Win32
	EndGlobalSection
	GlobalSection(ProjectConfigurationPlatforms) = postSolution
		{82EABB10-C81E-4F60-94F4-1CAADD360388}.Debug|Win32.ActiveCfg = Debug|Win32
		{82EABB10-C81E-4F60-94F4-1CAADD360388}.Debug|Win32.Build.0 = Debug|Win32
		{82EABB10-C81E-4F60-94F4-1CAADD360388}.Release|Win32.ActiveCfg = Release|Win32
		{82EABB10-C81E-4F60-94F4-1CAADD360388}.Release|Win32.Build.0 = Release|Win32
		{15EAA538-C389-40AC-B462-607484EC22B3}.Debug|Win32.ActiveCfg = Debug|Win32
		{15EAA538-C389-40AC-B462-607484EC22B3}.Debug|Win32.Build.0 = Debug|Win32
		{15EAA538-C389-40AC-B462-607484EC22B3}.Release|Win32.ActiveCfg = Release|Win32
		{15EAA538-C389-40AC-B462-607484EC22B3}.Release|Win32.Build.0 = Release|Win32
		{305A218C-EACE-4C92-8C8A-0438141560C1}.Debug|Win32.ActiveCfg = Debug|Win32
		{305A218C-EACE-4C92-8C8A-0438141560C1}.Debug|Win32.Build.0 = Debug|Win32
		{305A218C-EACE-4C92-8C8A-0438141560C1}.Release|Win32.ActiveCfg = Release|Win32
		{305A218C-EACE-4C92-8C8A-0438141560C1}.Release|Win32.Build.0 = Release|Win32
		{0D76F932-7FDC-4184-9FEE-1FB2EB52CCD4}.Debug|Win32.ActiveCfg = Debug|Win32
		{0D76F932-7FDC-4184-9FEE-1FB2EB52CCD4}.Debug|Win32.Build.0 = Debug|Win32
		{0D76F932-7FDC-4184-9FEE-1FB2EB52CCD4}.Release|Win32.ActiveCfg = Release|Win32
		{0D76F932-7FDC-4184-9FEE-1FB2EB52CCD4}.Release|Win32.Build.0 = Release|Win32
		{F54F4D11-0764-4E49-92E6-628266AF0132}.Debug|Win32.ActiveCfg = Debug|Win32
		{F54F4D11-0764-4E49-92E6-628266AF0132}.Debug|Win32.Build.0 = Debug|Win32
		{F54F4D11-0764-4E49-92E6-628266AF0132}.Release|Win32.ActiveCfg = Release|Win32
		{F54F4D11-0764-4E49-92E6-628266AF0132}.Release|Win32.Build.0 = Release|Win32
	EndGlobalSection
	GlobalSection(SolutionProperties) = preSolution
		HideSolutionNode = FALSE
	EndGlobalSection
EndGlobal
